
Microsoft Visual Studio Solution File, Format Version 12.00
# Visual Studio Version 17
VisualStudioVersion = 17.8.34309.116
MinimumVisualStudioVersion = 10.0.40219.1
Project("{FAE04EC0-301F-11D3-BF4B-00C04F79EFBC}") = "4InRow", "4InRow\4InRow.csproj", "{7FD9C0D3-1720-459C-B92A-E9E559D2BA81}"
EndProject
Global
	GlobalSection(SolutionConfigurationPlatforms) = preSolution
		Debug|Any CPU = Debug|Any CPU
		Release|Any CPU = Release|Any CPU
	EndGlobalSection
	GlobalSection(ProjectConfigurationPlatforms) = postSolution
		{7FD9C0D3-1720-459C-B92A-E9E559D2BA81}.Debug|Any CPU.ActiveCfg = Debug|Any CPU
		{7FD9C0D3-1720-459C-B92A-E9E559D2BA81}.Debug|Any CPU.Build.0 = Debug|Any CPU
		{7FD9C0D3-1720-459C-B92A-E9E559D2BA81}.Release|Any CPU.ActiveCfg = Release|Any CPU
		{7FD9C0D3-1720-459C-B92A-E9E559D2BA81}.Release|Any CPU.Build.0 = Release|Any CPU
	EndGlobalSection
	GlobalSection(SolutionProperties) = preSolution
		HideSolutionNode = FALSE
	EndGlobalSection
	GlobalSection(ExtensibilityGlobals) = postSolution
		SolutionGuid = {53CE5FC5-1A42-4D4F-AFB2-70E77482FBE4}
	EndGlobalSection
EndGlobal
